Microsoft Visual Studio Solution File, Format Version 12.00
# Visual Studio Version 17
VisualStudioVersion = 17.13.35806.99
MinimumVisualStudioVersion = 10.0.40219.1
Project("{FAE04EC0-301F-11D3-BF4B-00C04F79EFBC}") = "AddInMemoryCollectionSample", "AddInMemoryCollectionSample\AddInMemoryCollectionSample.csproj", "{FFADEA27-B886-40CE-B4FD-5D3183ADDDFD}"
EndProject
Project("{2150E333-8FDC-42A3-9474-1A3956D46DE8}") = "Solution Items", "Solution Items", "{8EC462FD-D22E-90A8-E5CE-7E832BA40C5D}"
	ProjectSection(SolutionItems) = preProject
		readme.md = readme.md
		readme_ai.md = readme_ai.md
	EndProjectSection
EndProject
Project("{FAE04EC0-301F-11D3-BF4B-00C04F79EFBC}") = "CustomIConfigurationSourceSample", "CustomIConfigurationSourceSample\CustomIConfigurationSourceSample.csproj", "{6D89B7DD-C728-4009-B95C-D2FAC0806AF3}"
EndProject
Project("{2150E333-8FDC-42A3-9474-1A3956D46DE8}") = "Configurations", "Configurations", "{02EA681E-C7D8-13C7-8484-4AC65E1B71E8}"
EndProject
Project("{FAE04EC0-301F-11D3-BF4B-00C04F79EFBC}") = "CustomIConfigurationSourceRazorPages", "CustomIConfigurationSourceRazorPages\CustomIConfigurationSourceRazorPages.csproj", "{84907B1C-BC8D-4BC5-9D5A-F24B894C3A76}"
EndProject
Project("{2150E333-8FDC-42A3-9474-1A3956D46DE8}") = "Console projects", "Console projects", "{CD42C8B1-D1F7-4DD4-9E2B-5E2B3D47F1DA}"
EndProject
Project("{2150E333-8FDC-42A3-9474-1A3956D46DE8}") = "Web projects", "Web projects", "{0363E199-36E5-4351-9A8E-57446F991DD8}"
	ProjectSection(SolutionItems) = preProject
		Configuration.md = Configuration.md
	EndProjectSection
EndProject
Project("{FAE04EC0-301F-11D3-BF4B-00C04F79EFBC}") = "MemoryConfigurationSourceRazorPages", "MemoryConfigurationSourceRazorPages\MemoryConfigurationSourceRazorPages.csproj", "{37BAA5F7-4ECC-1520-28DE-A937D4C6F343}"
EndProject
Project("{FAE04EC0-301F-11D3-BF4B-00C04F79EFBC}") = "HelpDeskApplication", "HelpDeskApplication\HelpDeskApplication.csproj", "{567A1F13-9F3C-23B0-28DB-39E0D2353431}"
EndProject
Project("{2150E333-8FDC-42A3-9474-1A3956D46DE8}") = "Experiments", "Experiments", "{3AC0C92A-F656-4C14-BA2D-4F4560097AC0}"
EndProject
Project("{2150E333-8FDC-42A3-9474-1A3956D46DE8}") = "Secrets utilities", "Secrets utilities", "{9A6472DD-641B-476C-99C0-1281955E119D}"
EndProject
Project("{FAE04EC0-301F-11D3-BF4B-00C04F79EFBC}") = "StringsBetweenQuotesExample", "StringsBetweenQuotesExample\StringsBetweenQuotesExample.csproj", "{3A3E5EDD-DA25-4B5E-A8CF-0DBBB3FB4FAA}"
EndProject
Project("{FAE04EC0-301F-11D3-BF4B-00C04F79EFBC}") = "SecretsLibrary", "SecretsLibrary\SecretsLibrary.csproj", "{23715755-4FD7-1B84-BCEB-FEF4BDF994BE}"
EndProject
Project("{FAE04EC0-301F-11D3-BF4B-00C04F79EFBC}") = "FindUserSecretsApp", "FindUserSecretsApp\FindUserSecretsApp.csproj", "{A5D54C80-B343-0AEB-C8E8-6B8F3917EEEB}"
EndProject
Project("{FAE04EC0-301F-11D3-BF4B-00C04F79EFBC}") = "WorkingWithRecords", "WorkingWithRecords\WorkingWithRecords.csproj", "{CA6FEAE9-E761-4549-BAC7-3D89592ED74D}"
EndProject
Project("{2150E333-8FDC-42A3-9474-1A3956D46DE8}") = "Configuration", "Configuration", "{EFD6BCA2-6CA1-4303-BE7F-357195F7E735}"
EndProject
Project("{FAE04EC0-301F-11D3-BF4B-00C04F79EFBC}") = "ConfigurationTest", "ConfigurationTest\ConfigurationTest.csproj", "{7357AAF9-C784-427E-B895-C2E37B59858F}"
EndProject
Project("{FAE04EC0-301F-11D3-BF4B-00C04F79EFBC}") = "FieldKeywordSample", "FieldKeywordSample\FieldKeywordSample.csproj", "{042041D5-D048-490E-B2CB-76E9E8DC8166}"
EndProject
Project("{FAE04EC0-301F-11D3-BF4B-00C04F79EFBC}") = "TempApp", "TempApp\TempApp.csproj", "{AF3D3A70-776D-4C00-88A5-18F030F2C179}"
EndProject
Project("{2150E333-8FDC-42A3-9474-1A3956D46DE8}") = "Records samples", "Records samples", "{CB4D0241-DDE3-A211-69EF-02A692A1327C}"
EndProject
Project("{FAE04EC0-301F-11D3-BF4B-00C04F79EFBC}") = "PrintMembersSamples", "PrintMembersSamples\PrintMembersSamples.csproj", "{AEE7E9C6-3DE1-45D5-8F85-68609F1A866E}"
EndProject
Project("{2150E333-8FDC-42A3-9474-1A3956D46DE8}") = "Using Prompt files", "Using Prompt files", "{C77C0044-9CAF-DB5C-D498-119248A9E1AD}"
EndProject
Project("{FAE04EC0-301F-11D3-BF4B-00C04F79EFBC}") = "PromptFilesExamplesApp", "PromptFilesExamplesApp\PromptFilesExamplesApp.csproj", "{7D074B2F-5ABE-4A66-8E18-125726B95798}"
EndProject
Project("{FAE04EC0-301F-11D3-BF4B-00C04F79EFBC}") = "WebApplication1", "WebApplication1\WebApplication1.csproj", "{1139E486-A36B-6B58-4965-3753D45010A4}"
EndProject
Project("{2150E333-8FDC-42A3-9474-1A3956D46DE8}") = "Serilog", "Serilog", "{B808FDA6-38D5-2393-410D-6E6CBA606F3C}"
EndProject
Project("{FAE04EC0-301F-11D3-BF4B-00C04F79EFBC}") = "SerilogLibrary", "SerilogLibrary\SerilogLibrary.csproj", "{4D908922-8EA4-4600-9E95-E5A450648CDB}"
EndProject
Project("{2150E333-8FDC-42A3-9474-1A3956D46DE8}") = "Language extensions", "Language extensions", "{19A55A1F-77FC-81B6-FF24-F3698FC9C129}"
EndProject
Project("{FAE04EC0-301F-11D3-BF4B-00C04F79EFBC}") = "GenericExtensionsLibrary", "GenericExtentionsLibrary\GenericExtensionsLibrary.csproj", "{F246E8B9-2806-4DA3-A629-2C32B9E03C9B}"
EndProject
Project("{2150E333-8FDC-42A3-9474-1A3956D46DE8}") = "Visual Studio IEnumerable visualizer", "Visual Studio IEnumerable visualizer", "{B8685830-424C-DC28-90E6-E26DA1901509}"
	ProjectSection(SolutionItems) = preProject
		VisualizerReadme.md = VisualizerReadme.md
	EndProjectSection
EndProject
Project("{FAE04EC0-301F-11D3-BF4B-00C04F79EFBC}") = "WineConsoleApp", "WineConsoleApp\WineConsoleApp.csproj", "{67191AC3-93DD-CCAD-9697-ABD4E4900709}"
EndProject
Project("{2150E333-8FDC-42A3-9474-1A3956D46DE8}") = "Validation", "Validation", "{3A7EF8F9-A58A-6994-3FF9-E29A10D92AEB}"
EndProject
Project("{FAE04EC0-301F-11D3-BF4B-00C04F79EFBC}") = "SectionExistsAppsettingsApp", "SectionExistsAppsettingsApp\SectionExistsAppsettingsApp.csproj", "{2C551961-4592-4217-A74B-0BF21B9E4775}"
EndProject
Project("{2150E333-8FDC-42A3-9474-1A3956D46DE8}") = "Lazy Helpers", "Lazy Helpers", "{2279F0D8-016D-8D57-9D18-CF0A720BDC5C}"
EndProject
Project("{FAE04EC0-301F-11D3-BF4B-00C04F79EFBC}") = "JsonPathFixer", "JsonPathFixer\JsonPathFixer.csproj", "{81EA426D-9709-468E-A6B0-436AAAEFB3D9}"
EndProject
Project("{2150E333-8FDC-42A3-9474-1A3956D46DE8}") = "ASP", "ASP", "{53D0748C-043C-A660-2311-AE5C91B568A3}"
EndProject
Project("{2150E333-8FDC-42A3-9474-1A3956D46DE8}") = "Bogus", "Bogus", "{8C2570A6-2D83-0A4C-C4D4-65155A3882C4}"
EndProject
Project("{FAE04EC0-301F-11D3-BF4B-00C04F79EFBC}") = "BogusLibrary1", "BogusLibrary1\BogusLibrary1.csproj", "{544C3031-E4A3-5BDE-6351-E4705047AC8E}"
EndProject
Project("{FAE04EC0-301F-11D3-BF4B-00C04F79EFBC}") = "BogusDateOnlyTimeOnlyApp", "BogusDateOnlyTimeOnlyApp\BogusDateOnlyTimeOnlyApp.csproj", "{EF799D17-23A7-33D1-81DD-1ED27269076E}"
EndProject
Project("{2150E333-8FDC-42A3-9474-1A3956D46DE8}") = "Deconstruction", "Deconstruction", "{2075631B-31DD-92B6-B0A7-6AFE1F99C0B4}"
EndProject
Project("{FAE04EC0-301F-11D3-BF4B-00C04F79EFBC}") = "DeconstructSamplesApp", "DeconstructSamplesApp\DeconstructSamplesApp.csproj", "{3B441642-0094-41B0-85A9-0B3E8DD5E197}"
EndProject
Project("{2150E333-8FDC-42A3-9474-1A3956D46DE8}") = "Excel", "Excel", "{F4A27CA2-A98B-9BA4-06DE-958D2E3B2285}"
EndProject
Project("{FAE04EC0-301F-11D3-BF4B-00C04F79EFBC}") = "SpreadSheetLightTableSample", "SpreadSheetLightTableSample\SpreadSheetLightTableSample.csproj", "{FBE48AD3-73D9-4A80-A23F-C1C916ADBF61}"
EndProject
Project("{FAE04EC0-301F-11D3-BF4B-00C04F79EFBC}") = "SpreadSheetLightTableSampleLibrary", "SpreadSheetLightTableSampleLibrary\SpreadSheetLightTableSampleLibrary.csproj", "{3B9E5B69-B3BE-4E3F-9AEE-7B0544BEE4E0}"
EndProject
Project("{FAE04EC0-301F-11D3-BF4B-00C04F79EFBC}") = "DateTimeWeekNumberSample", "DateTimeWeekNumberSample\DateTimeWeekNumberSample.csproj", "{34F257BE-4B70-4B96-9D30-DA5AC79921B9}"
EndProject
Project("{FAE04EC0-301F-11D3-BF4B-00C04F79EFBC}") = "PromptFilesExamplesApp1", "PromptFilesExamplesApp1\PromptFilesExamplesApp1.csproj", "{39046FA3-4618-491A-B1A3-DAB925A6035D}"
EndProject
Project("{FAE04EC0-301F-11D3-BF4B-00C04F79EFBC}") = "IsSectionDefinedApp", "IsSectionDefinedApp\IsSectionDefinedApp.csproj", "{33CB9B2C-FCED-8CAB-923B-B5568EBC4215}"
EndProject
Project("{2150E333-8FDC-42A3-9474-1A3956D46DE8}") = "Class projects", "Class projects", "{96EE2CF0-D591-079F-2E48-4A69006AD50E}"
EndProject
Project("{FAE04EC0-301F-11D3-BF4B-00C04F79EFBC}") = "FooterLibrary", "FooterLibrary\FooterLibrary.csproj", "{9606D408-5A74-4E83-849F-7742B0DC63FA}"
EndProject
Project("{FAE04EC0-301F-11D3-BF4B-00C04F79EFBC}") = "CustomTagHelpersLibrary", "CustomTagHelpersLibrary\CustomTagHelpersLibrary.csproj", "{B0005D41-BEF1-47FA-B08D-92417AFE60E4}"
EndProject
Project("{FAE04EC0-301F-11D3-BF4B-00C04F79EFBC}") = "CustomTagHelpersApp", "CustomTagHelpersApp\CustomTagHelpersApp.csproj", "{61797B0C-8C0C-49AD-B0C6-22E5303D9983}"
EndProject
Project("{2150E333-8FDC-42A3-9474-1A3956D46DE8}") = "SQL Server", "SQL Server", "{A8B1D009-E5A9-8820-B8AF-AA0649BEFD28}"
EndProject
Project("{FAE04EC0-301F-11D3-BF4B-00C04F79EFBC}") = "TableDependenciesSample", "TableDependenciesSample\TableDependenciesSample.csproj", "{6333159C-376C-40DD-806F-B163DCC2D0AD}"
EndProject
Project("{FAE04EC0-301F-11D3-BF4B-00C04F79EFBC}") = "SqlLibrary", "SqlLibrary\SqlLibrary.csproj", "{B908F7F1-20FF-DEB8-27C3-0E9EE2966907}"
EndProject
Project("{2150E333-8FDC-42A3-9474-1A3956D46DE8}") = "Creating nesting files", "Creating nesting files", "{930EADA6-450D-7FD5-733A-E1AEE990267C}"
EndProject
Project("{FAE04EC0-301F-11D3-BF4B-00C04F79EFBC}") = "NestedClassesFinder", "NestedClassesFinder\NestedClassesFinder.csproj", "{B9C15397-4838-A313-FF22-BB739AB4D70F}"
EndProject
Project("{FAE04EC0-301F-11D3-BF4B-00C04F79EFBC}") = "HideShowPasswordSample", "HideShowPasswprdSample\HideShowPasswordSample.csproj", "{E75B8DAC-C379-4192-B3A0-1AF99D8458FD}"
EndProject
Project("{2150E333-8FDC-42A3-9474-1A3956D46DE8}") = "PasswordEye", "PasswordEye", "{579976BD-A4D7-2559-36E6-21E1614D792F}"
EndProject
Project("{FAE04EC0-301F-11D3-BF4B-00C04F79EFBC}") = "MockupApplication", "MockupApplication\MockupApplication.csproj", "{6730DD97-BE8C-42F7-0BE4-A135C688E120}"
EndProject
Project("{2150E333-8FDC-42A3-9474-1A3956D46DE8}") = "Partial classes and properties", "Partial classes and properties", "{F23151BD-DA02-8321-455D-78E33FEB7350}"
EndProject
Project("{FAE04EC0-301F-11D3-BF4B-00C04F79EFBC}") = "PartialSamples1", "PartialSamples1\PartialSamples1.csproj", "{8AECCAAF-CE56-43A7-B2FC-1D2EB1348BB0}"
EndProject
Project("{2150E333-8FDC-42A3-9474-1A3956D46DE8}") = "EF Core class projects", "EF Core class projects", "{CD0E1165-DDD0-05C7-2747-147969218046}"
EndProject
Project("{FAE04EC0-301F-11D3-BF4B-00C04F79EFBC}") = "EntityLibrary", "EntityLibrary\EntityLibrary.csproj", "{E261CE3E-728D-413F-B7EB-17A92E91FEA8}"
EndProject
Project("{2150E333-8FDC-42A3-9474-1A3956D46DE8}") = "EF Core examples", "EF Core examples", "{2B8C56C5-DCE6-4FEE-BFCF-1C16E42D256A}"
EndProject
Project("{FAE04EC0-301F-11D3-BF4B-00C04F79EFBC}") = "BaseContextExampleApp", "BaseContextExampleApp\BaseContextExampleApp.csproj", "{4E01F766-13D5-4387-B084-FFD8C5F0F009}"
EndProject
Project("{FAE04EC0-301F-11D3-BF4B-00C04F79EFBC}") = "DirectoryHelperSample1", "DirectoryHelperSample1\DirectoryHelperSample1.csproj", "{F425D9E6-4925-46EA-8523-B319824417BF}"
EndProject
Project("{FAE04EC0-301F-11D3-BF4B-00C04F79EFBC}") = "ModelFormatCustomSample", "ModelFormatCustomSample\ModelFormatCustomSample.csproj", "{EC8DD323-CDD8-4D0D-BEEE-3CFE3103491D}"
EndProject
Project("{FAE04EC0-301F-11D3-BF4B-00C04F79EFBC}") = "BirthDaysApp", "BirthDaysApp\BirthDaysApp.csproj", "{7250BCFD-E0DF-4F14-B926-F5B1B44B01C0}"
EndProject
Project("{2150E333-8FDC-42A3-9474-1A3956D46DE8}") = "Accessibility", "Accessibility", "{4C937579-ED70-A340-D87C-1F397DDC1F3E}"
EndProject
Project("{FAE04EC0-301F-11D3-BF4B-00C04F79EFBC}") = "TablesVsDivsSample1App", "TablesVsDivsSample1App\TablesVsDivsSample1App.csproj", "{69D54A9E-1E87-43BD-AF74-2F9FBDD03520}"
EndProject
Project("{2150E333-8FDC-42A3-9474-1A3956D46DE8}") = "Spectre.Console", "Spectre.Console", "{D04CF0F2-974C-5D72-9175-74118F68291D}"
EndProject
Project("{FAE04EC0-301F-11D3-BF4B-00C04F79EFBC}") = "EmojisDemoApp", "EmojisDemoApp\EmojisDemoApp.csproj", "{34179EF2-5F12-44D6-BF30-B85FDCE4244C}"
EndProject
Project("{FAE04EC0-301F-11D3-BF4B-00C04F79EFBC}") = "MultipleSubmitButtons1", "MutilpleSubmitButtons1\MultipleSubmitButtons1.csproj", "{CD517278-6853-A268-9E8A-400D1F4CDE6C}"
EndProject
Project("{E24C65DC-7377-472B-9ABA-BC803B73C61A}") = "SelectUnCheckedExample", "SelectUnCheckedExample\", "{DE2DAF76-F0BB-17C1-75D2-EAFFE1101E04}"
	ProjectSection(WebsiteProperties) = preProject
		TargetFrameworkMoniker = ".NETFramework,Version%3Dv4.7.2"
		Debug.AspNetCompiler.VirtualPath = "/localhost_53990"
		Debug.AspNetCompiler.PhysicalPath = "SelectUnCheckedExample\"
		Debug.AspNetCompiler.TargetPath = "PrecompiledWeb\localhost_53990\"
		Debug.AspNetCompiler.Updateable = "true"
		Debug.AspNetCompiler.ForceOverwrite = "true"
		Debug.AspNetCompiler.FixedNames = "false"
		Debug.AspNetCompiler.Debug = "True"
		Release.AspNetCompiler.VirtualPath = "/localhost_53990"
		Release.AspNetCompiler.PhysicalPath = "SelectUnCheckedExample\"
		Release.AspNetCompiler.TargetPath = "PrecompiledWeb\localhost_53990\"
		Release.AspNetCompiler.Updateable = "true"
		Release.AspNetCompiler.ForceOverwrite = "true"
		Release.AspNetCompiler.FixedNames = "false"
		Release.AspNetCompiler.Debug = "False"
		VWDPort = "53990"
		SlnRelativePath = "SelectUnCheckedExample\"
		DefaultWebSiteLanguage = "Visual Basic"
	EndProjectSection
EndProject
Project("{FAE04EC0-301F-11D3-BF4B-00C04F79EFBC}") = "AddImagesFromFilesApp", "AddImagesFromFilesApp\AddImagesFromFilesApp.csproj", "{CF066EC5-D075-4013-AE51-8DB5568132BF}"
EndProject
Project("{2150E333-8FDC-42A3-9474-1A3956D46DE8}") = "Windows", "Windows", "{AF50D07C-CBCD-524F-DB50-1B7C7AC32620}"
EndProject
Project("{FAE04EC0-301F-11D3-BF4B-00C04F79EFBC}") = "WindowsTimeApp", "WindowsTimeApp\WindowsTimeApp.csproj", "{57DEDCA5-E539-DE61-49B2-F416CDEA5DB2}"
EndProject
Global
	GlobalSection(SolutionConfigurationPlatforms) = preSolution
		Debug|Any CPU = Debug|Any CPU
		Release|Any CPU = Release|Any CPU
	EndGlobalSection
	GlobalSection(ProjectConfigurationPlatforms) = postSolution
		{FFADEA27-B886-40CE-B4FD-5D3183ADDDFD}.Debug|Any CPU.ActiveCfg = Debug|Any CPU
		{FFADEA27-B886-40CE-B4FD-5D3183ADDDFD}.Debug|Any CPU.Build.0 = Debug|Any CPU
		{FFADEA27-B886-40CE-B4FD-5D3183ADDDFD}.Release|Any CPU.ActiveCfg = Release|Any CPU
		{FFADEA27-B886-40CE-B4FD-5D3183ADDDFD}.Release|Any CPU.Build.0 = Release|Any CPU
		{6D89B7DD-C728-4009-B95C-D2FAC0806AF3}.Debug|Any CPU.ActiveCfg = Debug|Any CPU
		{6D89B7DD-C728-4009-B95C-D2FAC0806AF3}.Debug|Any CPU.Build.0 = Debug|Any CPU
		{6D89B7DD-C728-4009-B95C-D2FAC0806AF3}.Release|Any CPU.ActiveCfg = Release|Any CPU
		{6D89B7DD-C728-4009-B95C-D2FAC0806AF3}.Release|Any CPU.Build.0 = Release|Any CPU
		{84907B1C-BC8D-4BC5-9D5A-F24B894C3A76}.Debug|Any CPU.ActiveCfg = Debug|Any CPU
		{84907B1C-BC8D-4BC5-9D5A-F24B894C3A76}.Debug|Any CPU.Build.0 = Debug|Any CPU
		{84907B1C-BC8D-4BC5-9D5A-F24B894C3A76}.Release|Any CPU.ActiveCfg = Release|Any CPU
		{84907B1C-BC8D-4BC5-9D5A-F24B894C3A76}.Release|Any CPU.Build.0 = Release|Any CPU
		{37BAA5F7-4ECC-1520-28DE-A937D4C6F343}.Debug|Any CPU.ActiveCfg = Debug|Any CPU
		{37BAA5F7-4ECC-1520-28DE-A937D4C6F343}.Debug|Any CPU.Build.0 = Debug|Any CPU
		{37BAA5F7-4ECC-1520-28DE-A937D4C6F343}.Release|Any CPU.ActiveCfg = Release|Any CPU
		{37BAA5F7-4ECC-1520-28DE-A937D4C6F343}.Release|Any CPU.Build.0 = Release|Any CPU
		{567A1F13-9F3C-23B0-28DB-39E0D2353431}.Debug|Any CPU.ActiveCfg = Debug|Any CPU
		{567A1F13-9F3C-23B0-28DB-39E0D2353431}.Debug|Any CPU.Build.0 = Debug|Any CPU
		{567A1F13-9F3C-23B0-28DB-39E0D2353431}.Release|Any CPU.ActiveCfg = Release|Any CPU
		{567A1F13-9F3C-23B0-28DB-39E0D2353431}.Release|Any CPU.Build.0 = Release|Any CPU
		{3A3E5EDD-DA25-4B5E-A8CF-0DBBB3FB4FAA}.Debug|Any CPU.ActiveCfg = Debug|Any CPU
		{3A3E5EDD-DA25-4B5E-A8CF-0DBBB3FB4FAA}.Debug|Any CPU.Build.0 = Debug|Any CPU
		{3A3E5EDD-DA25-4B5E-A8CF-0DBBB3FB4FAA}.Release|Any CPU.ActiveCfg = Release|Any CPU
		{3A3E5EDD-DA25-4B5E-A8CF-0DBBB3FB4FAA}.Release|Any CPU.Build.0 = Release|Any CPU
		{23715755-4FD7-1B84-BCEB-FEF4BDF994BE}.Debug|Any CPU.ActiveCfg = Debug|Any CPU
		{23715755-4FD7-1B84-BCEB-FEF4BDF994BE}.Debug|Any CPU.Build.0 = Debug|Any CPU
		{23715755-4FD7-1B84-BCEB-FEF4BDF994BE}.Release|Any CPU.ActiveCfg = Release|Any CPU
		{23715755-4FD7-1B84-BCEB-FEF4BDF994BE}.Release|Any CPU.Build.0 = Release|Any CPU
		{A5D54C80-B343-0AEB-C8E8-6B8F3917EEEB}.Debug|Any CPU.ActiveCfg = Debug|Any CPU
		{A5D54C80-B343-0AEB-C8E8-6B8F3917EEEB}.Debug|Any CPU.Build.0 = Debug|Any CPU
		{A5D54C80-B343-0AEB-C8E8-6B8F3917EEEB}.Release|Any CPU.ActiveCfg = Release|Any CPU
		{A5D54C80-B343-0AEB-C8E8-6B8F3917EEEB}.Release|Any CPU.Build.0 = Release|Any CPU
		{CA6FEAE9-E761-4549-BAC7-3D89592ED74D}.Debug|Any CPU.ActiveCfg = Debug|Any CPU
		{CA6FEAE9-E761-4549-BAC7-3D89592ED74D}.Debug|Any CPU.Build.0 = Debug|Any CPU
		{CA6FEAE9-E761-4549-BAC7-3D89592ED74D}.Release|Any CPU.ActiveCfg = Release|Any CPU
		{CA6FEAE9-E761-4549-BAC7-3D89592ED74D}.Release|Any CPU.Build.0 = Release|Any CPU
		{7357AAF9-C784-427E-B895-C2E37B59858F}.Debug|Any CPU.ActiveCfg = Debug|Any CPU
		{7357AAF9-C784-427E-B895-C2E37B59858F}.Debug|Any CPU.Build.0 = Debug|Any CPU
		{7357AAF9-C784-427E-B895-C2E37B59858F}.Release|Any CPU.ActiveCfg = Release|Any CPU
		{7357AAF9-C784-427E-B895-C2E37B59858F}.Release|Any CPU.Build.0 = Release|Any CPU
		{042041D5-D048-490E-B2CB-76E9E8DC8166}.Debug|Any CPU.ActiveCfg = Debug|Any CPU
		{042041D5-D048-490E-B2CB-76E9E8DC8166}.Debug|Any CPU.Build.0 = Debug|Any CPU
		{042041D5-D048-490E-B2CB-76E9E8DC8166}.Release|Any CPU.ActiveCfg = Release|Any CPU
		{042041D5-D048-490E-B2CB-76E9E8DC8166}.Release|Any CPU.Build.0 = Release|Any CPU
		{AF3D3A70-776D-4C00-88A5-18F030F2C179}.Debug|Any CPU.ActiveCfg = Debug|Any CPU
		{AF3D3A70-776D-4C00-88A5-18F030F2C179}.Debug|Any CPU.Build.0 = Debug|Any CPU
		{AF3D3A70-776D-4C00-88A5-18F030F2C179}.Release|Any CPU.ActiveCfg = Release|Any CPU
		{AF3D3A70-776D-4C00-88A5-18F030F2C179}.Release|Any CPU.Build.0 = Release|Any CPU
		{AEE7E9C6-3DE1-45D5-8F85-68609F1A866E}.Debug|Any CPU.ActiveCfg = Debug|Any CPU
		{AEE7E9C6-3DE1-45D5-8F85-68609F1A866E}.Debug|Any CPU.Build.0 = Debug|Any CPU
		{AEE7E9C6-3DE1-45D5-8F85-68609F1A866E}.Release|Any CPU.ActiveCfg = Release|Any CPU
		{AEE7E9C6-3DE1-45D5-8F85-68609F1A866E}.Release|Any CPU.Build.0 = Release|Any CPU
		{7D074B2F-5ABE-4A66-8E18-125726B95798}.Debug|Any CPU.ActiveCfg = Debug|Any CPU
		{7D074B2F-5ABE-4A66-8E18-125726B95798}.Debug|Any CPU.Build.0 = Debug|Any CPU
		{7D074B2F-5ABE-4A66-8E18-125726B95798}.Release|Any CPU.ActiveCfg = Release|Any CPU
		{7D074B2F-5ABE-4A66-8E18-125726B95798}.Release|Any CPU.Build.0 = Release|Any CPU
		{1139E486-A36B-6B58-4965-3753D45010A4}.Debug|Any CPU.ActiveCfg = Debug|Any CPU
		{1139E486-A36B-6B58-4965-3753D45010A4}.Debug|Any CPU.Build.0 = Debug|Any CPU
		{1139E486-A36B-6B58-4965-3753D45010A4}.Release|Any CPU.ActiveCfg = Release|Any CPU
		{1139E486-A36B-6B58-4965-3753D45010A4}.Release|Any CPU.Build.0 = Release|Any CPU
		{4D908922-8EA4-4600-9E95-E5A450648CDB}.Debug|Any CPU.ActiveCfg = Debug|Any CPU
		{4D908922-8EA4-4600-9E95-E5A450648CDB}.Debug|Any CPU.Build.0 = Debug|Any CPU
		{4D908922-8EA4-4600-9E95-E5A450648CDB}.Release|Any CPU.ActiveCfg = Release|Any CPU
		{4D908922-8EA4-4600-9E95-E5A450648CDB}.Release|Any CPU.Build.0 = Release|Any CPU
		{F246E8B9-2806-4DA3-A629-2C32B9E03C9B}.Debug|Any CPU.ActiveCfg = Debug|Any CPU
		{F246E8B9-2806-4DA3-A629-2C32B9E03C9B}.Debug|Any CPU.Build.0 = Debug|Any CPU
		{F246E8B9-2806-4DA3-A629-2C32B9E03C9B}.Release|Any CPU.ActiveCfg = Release|Any CPU
		{F246E8B9-2806-4DA3-A629-2C32B9E03C9B}.Release|Any CPU.Build.0 = Release|Any CPU
		{67191AC3-93DD-CCAD-9697-ABD4E4900709}.Debug|Any CPU.ActiveCfg = Debug|Any CPU
		{67191AC3-93DD-CCAD-9697-ABD4E4900709}.Debug|Any CPU.Build.0 = Debug|Any CPU
		{67191AC3-93DD-CCAD-9697-ABD4E4900709}.Release|Any CPU.ActiveCfg = Release|Any CPU
		{67191AC3-93DD-CCAD-9697-ABD4E4900709}.Release|Any CPU.Build.0 = Release|Any CPU
		{2C551961-4592-4217-A74B-0BF21B9E4775}.Debug|Any CPU.ActiveCfg = Debug|Any CPU
		{2C551961-4592-4217-A74B-0BF21B9E4775}.Debug|Any CPU.Build.0 = Debug|Any CPU
		{2C551961-4592-4217-A74B-0BF21B9E4775}.Release|Any CPU.ActiveCfg = Release|Any CPU
		{2C551961-4592-4217-A74B-0BF21B9E4775}.Release|Any CPU.Build.0 = Release|Any CPU
		{81EA426D-9709-468E-A6B0-436AAAEFB3D9}.Debug|Any CPU.ActiveCfg = Debug|Any CPU
		{81EA426D-9709-468E-A6B0-436AAAEFB3D9}.Debug|Any CPU.Build.0 = Debug|Any CPU
		{81EA426D-9709-468E-A6B0-436AAAEFB3D9}.Release|Any CPU.ActiveCfg = Release|Any CPU
		{81EA426D-9709-468E-A6B0-436AAAEFB3D9}.Release|Any CPU.Build.0 = Release|Any CPU
		{544C3031-E4A3-5BDE-6351-E4705047AC8E}.Debug|Any CPU.ActiveCfg = Debug|Any CPU
		{544C3031-E4A3-5BDE-6351-E4705047AC8E}.Debug|Any CPU.Build.0 = Debug|Any CPU
		{544C3031-E4A3-5BDE-6351-E4705047AC8E}.Release|Any CPU.ActiveCfg = Release|Any CPU
		{544C3031-E4A3-5BDE-6351-E4705047AC8E}.Release|Any CPU.Build.0 = Release|Any CPU
		{EF799D17-23A7-33D1-81DD-1ED27269076E}.Debug|Any CPU.ActiveCfg = Debug|Any CPU
		{EF799D17-23A7-33D1-81DD-1ED27269076E}.Debug|Any CPU.Build.0 = Debug|Any CPU
		{EF799D17-23A7-33D1-81DD-1ED27269076E}.Release|Any CPU.ActiveCfg = Release|Any CPU
		{EF799D17-23A7-33D1-81DD-1ED27269076E}.Release|Any CPU.Build.0 = Release|Any CPU
		{3B441642-0094-41B0-85A9-0B3E8DD5E197}.Debug|Any CPU.ActiveCfg = Debug|Any CPU
		{3B441642-0094-41B0-85A9-0B3E8DD5E197}.Debug|Any CPU.Build.0 = Debug|Any CPU
		{3B441642-0094-41B0-85A9-0B3E8DD5E197}.Release|Any CPU.ActiveCfg = Release|Any CPU
		{3B441642-0094-41B0-85A9-0B3E8DD5E197}.Release|Any CPU.Build.0 = Release|Any CPU
		{FBE48AD3-73D9-4A80-A23F-C1C916ADBF61}.Debug|Any CPU.ActiveCfg = Debug|Any CPU
		{FBE48AD3-73D9-4A80-A23F-C1C916ADBF61}.Debug|Any CPU.Build.0 = Debug|Any CPU
		{FBE48AD3-73D9-4A80-A23F-C1C916ADBF61}.Release|Any CPU.ActiveCfg = Release|Any CPU
		{FBE48AD3-73D9-4A80-A23F-C1C916ADBF61}.Release|Any CPU.Build.0 = Release|Any CPU
		{3B9E5B69-B3BE-4E3F-9AEE-7B0544BEE4E0}.Debug|Any CPU.ActiveCfg = Debug|Any CPU
		{3B9E5B69-B3BE-4E3F-9AEE-7B0544BEE4E0}.Debug|Any CPU.Build.0 = Debug|Any CPU
		{3B9E5B69-B3BE-4E3F-9AEE-7B0544BEE4E0}.Release|Any CPU.ActiveCfg = Release|Any CPU
		{3B9E5B69-B3BE-4E3F-9AEE-7B0544BEE4E0}.Release|Any CPU.Build.0 = Release|Any CPU
		{34F257BE-4B70-4B96-9D30-DA5AC79921B9}.Debug|Any CPU.ActiveCfg = Debug|Any CPU
		{34F257BE-4B70-4B96-9D30-DA5AC79921B9}.Debug|Any CPU.Build.0 = Debug|Any CPU
		{34F257BE-4B70-4B96-9D30-DA5AC79921B9}.Release|Any CPU.ActiveCfg = Release|Any CPU
		{34F257BE-4B70-4B96-9D30-DA5AC79921B9}.Release|Any CPU.Build.0 = Release|Any CPU
		{39046FA3-4618-491A-B1A3-DAB925A6035D}.Debug|Any CPU.ActiveCfg = Debug|Any CPU
		{39046FA3-4618-491A-B1A3-DAB925A6035D}.Debug|Any CPU.Build.0 = Debug|Any CPU
		{39046FA3-4618-491A-B1A3-DAB925A6035D}.Release|Any CPU.ActiveCfg = Release|Any CPU
		{39046FA3-4618-491A-B1A3-DAB925A6035D}.Release|Any CPU.Build.0 = Release|Any CPU
		{33CB9B2C-FCED-8CAB-923B-B5568EBC4215}.Debug|Any CPU.ActiveCfg = Debug|Any CPU
		{33CB9B2C-FCED-8CAB-923B-B5568EBC4215}.Debug|Any CPU.Build.0 = Debug|Any CPU
		{33CB9B2C-FCED-8CAB-923B-B5568EBC4215}.Release|Any CPU.ActiveCfg = Release|Any CPU
		{33CB9B2C-FCED-8CAB-923B-B5568EBC4215}.Release|Any CPU.Build.0 = Release|Any CPU
		{9606D408-5A74-4E83-849F-7742B0DC63FA}.Debug|Any CPU.ActiveCfg = Debug|Any CPU
		{9606D408-5A74-4E83-849F-7742B0DC63FA}.Debug|Any CPU.Build.0 = Debug|Any CPU
		{9606D408-5A74-4E83-849F-7742B0DC63FA}.Release|Any CPU.ActiveCfg = Release|Any CPU
		{9606D408-5A74-4E83-849F-7742B0DC63FA}.Release|Any CPU.Build.0 = Release|Any CPU
		{B0005D41-BEF1-47FA-B08D-92417AFE60E4}.Debug|Any CPU.ActiveCfg = Debug|Any CPU
		{B0005D41-BEF1-47FA-B08D-92417AFE60E4}.Debug|Any CPU.Build.0 = Debug|Any CPU
		{B0005D41-BEF1-47FA-B08D-92417AFE60E4}.Release|Any CPU.ActiveCfg = Release|Any CPU
		{B0005D41-BEF1-47FA-B08D-92417AFE60E4}.Release|Any CPU.Build.0 = Release|Any CPU
		{61797B0C-8C0C-49AD-B0C6-22E5303D9983}.Debug|Any CPU.ActiveCfg = Debug|Any CPU
		{61797B0C-8C0C-49AD-B0C6-22E5303D9983}.Debug|Any CPU.Build.0 = Debug|Any CPU
		{61797B0C-8C0C-49AD-B0C6-22E5303D9983}.Release|Any CPU.ActiveCfg = Release|Any CPU
		{61797B0C-8C0C-49AD-B0C6-22E5303D9983}.Release|Any CPU.Build.0 = Release|Any CPU
		{6333159C-376C-40DD-806F-B163DCC2D0AD}.Debug|Any CPU.ActiveCfg = Debug|Any CPU
		{6333159C-376C-40DD-806F-B163DCC2D0AD}.Debug|Any CPU.Build.0 = Debug|Any CPU
		{6333159C-376C-40DD-806F-B163DCC2D0AD}.Release|Any CPU.ActiveCfg = Release|Any CPU
		{6333159C-376C-40DD-806F-B163DCC2D0AD}.Release|Any CPU.Build.0 = Release|Any CPU
		{B908F7F1-20FF-DEB8-27C3-0E9EE2966907}.Debug|Any CPU.ActiveCfg = Debug|Any CPU
		{B908F7F1-20FF-DEB8-27C3-0E9EE2966907}.Debug|Any CPU.Build.0 = Debug|Any CPU
		{B908F7F1-20FF-DEB8-27C3-0E9EE2966907}.Release|Any CPU.ActiveCfg = Release|Any CPU
		{B908F7F1-20FF-DEB8-27C3-0E9EE2966907}.Release|Any CPU.Build.0 = Release|Any CPU
		{B9C15397-4838-A313-FF22-BB739AB4D70F}.Debug|Any CPU.ActiveCfg = Debug|Any CPU
		{B9C15397-4838-A313-FF22-BB739AB4D70F}.Debug|Any CPU.Build.0 = Debug|Any CPU
		{B9C15397-4838-A313-FF22-BB739AB4D70F}.Release|Any CPU.ActiveCfg = Release|Any CPU
		{B9C15397-4838-A313-FF22-BB739AB4D70F}.Release|Any CPU.Build.0 = Release|Any CPU
		{E75B8DAC-C379-4192-B3A0-1AF99D8458FD}.Debug|Any CPU.ActiveCfg = Debug|Any CPU
		{E75B8DAC-C379-4192-B3A0-1AF99D8458FD}.Debug|Any CPU.Build.0 = Debug|Any CPU
		{E75B8DAC-C379-4192-B3A0-1AF99D8458FD}.Release|Any CPU.ActiveCfg = Release|Any CPU
		{E75B8DAC-C379-4192-B3A0-1AF99D8458FD}.Release|Any CPU.Build.0 = Release|Any CPU
		{6730DD97-BE8C-42F7-0BE4-A135C688E120}.Debug|Any CPU.ActiveCfg = Debug|Any CPU
		{6730DD97-BE8C-42F7-0BE4-A135C688E120}.Debug|Any CPU.Build.0 = Debug|Any CPU
		{6730DD97-BE8C-42F7-0BE4-A135C688E120}.Release|Any CPU.ActiveCfg = Release|Any CPU
		{6730DD97-BE8C-42F7-0BE4-A135C688E120}.Release|Any CPU.Build.0 = Release|Any CPU
		{8AECCAAF-CE56-43A7-B2FC-1D2EB1348BB0}.Debug|Any CPU.ActiveCfg = Debug|Any CPU
		{8AECCAAF-CE56-43A7-B2FC-1D2EB1348BB0}.Debug|Any CPU.Build.0 = Debug|Any CPU
		{8AECCAAF-CE56-43A7-B2FC-1D2EB1348BB0}.Release|Any CPU.ActiveCfg = Release|Any CPU
		{8AECCAAF-CE56-43A7-B2FC-1D2EB1348BB0}.Release|Any CPU.Build.0 = Release|Any CPU
		{E261CE3E-728D-413F-B7EB-17A92E91FEA8}.Debug|Any CPU.ActiveCfg = Debug|Any CPU
		{E261CE3E-728D-413F-B7EB-17A92E91FEA8}.Debug|Any CPU.Build.0 = Debug|Any CPU
		{E261CE3E-728D-413F-B7EB-17A92E91FEA8}.Release|Any CPU.ActiveCfg = Release|Any CPU
		{E261CE3E-728D-413F-B7EB-17A92E91FEA8}.Release|Any CPU.Build.0 = Release|Any CPU
		{4E01F766-13D5-4387-B084-FFD8C5F0F009}.Debug|Any CPU.ActiveCfg = Debug|Any CPU
		{4E01F766-13D5-4387-B084-FFD8C5F0F009}.Debug|Any CPU.Build.0 = Debug|Any CPU
		{4E01F766-13D5-4387-B084-FFD8C5F0F009}.Release|Any CPU.ActiveCfg = Release|Any CPU
		{4E01F766-13D5-4387-B084-FFD8C5F0F009}.Release|Any CPU.Build.0 = Release|Any CPU
		{F425D9E6-4925-46EA-8523-B319824417BF}.Debug|Any CPU.ActiveCfg = Debug|Any CPU
		{F425D9E6-4925-46EA-8523-B319824417BF}.Debug|Any CPU.Build.0 = Debug|Any CPU
		{F425D9E6-4925-46EA-8523-B319824417BF}.Release|Any CPU.ActiveCfg = Release|Any CPU
		{F425D9E6-4925-46EA-8523-B319824417BF}.Release|Any CPU.Build.0 = Release|Any CPU
		{EC8DD323-CDD8-4D0D-BEEE-3CFE3103491D}.Debug|Any CPU.ActiveCfg = Debug|Any CPU
		{EC8DD323-CDD8-4D0D-BEEE-3CFE3103491D}.Debug|Any CPU.Build.0 = Debug|Any CPU
		{EC8DD323-CDD8-4D0D-BEEE-3CFE3103491D}.Release|Any CPU.ActiveCfg = Release|Any CPU
		{EC8DD323-CDD8-4D0D-BEEE-3CFE3103491D}.Release|Any CPU.Build.0 = Release|Any CPU
		{7250BCFD-E0DF-4F14-B926-F5B1B44B01C0}.Debug|Any CPU.ActiveCfg = Debug|Any CPU
		{7250BCFD-E0DF-4F14-B926-F5B1B44B01C0}.Debug|Any CPU.Build.0 = Debug|Any CPU
		{7250BCFD-E0DF-4F14-B926-F5B1B44B01C0}.Release|Any CPU.ActiveCfg = Release|Any CPU
		{7250BCFD-E0DF-4F14-B926-F5B1B44B01C0}.Release|Any CPU.Build.0 = Release|Any CPU
		{69D54A9E-1E87-43BD-AF74-2F9FBDD03520}.Debug|Any CPU.ActiveCfg = Debug|Any CPU
		{69D54A9E-1E87-43BD-AF74-2F9FBDD03520}.Debug|Any CPU.Build.0 = Debug|Any CPU
		{69D54A9E-1E87-43BD-AF74-2F9FBDD03520}.Release|Any CPU.ActiveCfg = Release|Any CPU
		{69D54A9E-1E87-43BD-AF74-2F9FBDD03520}.Release|Any CPU.Build.0 = Release|Any CPU
		{34179EF2-5F12-44D6-BF30-B85FDCE4244C}.Debug|Any CPU.ActiveCfg = Debug|Any CPU
		{34179EF2-5F12-44D6-BF30-B85FDCE4244C}.Debug|Any CPU.Build.0 = Debug|Any CPU
		{34179EF2-5F12-44D6-BF30-B85FDCE4244C}.Release|Any CPU.ActiveCfg = Release|Any CPU
		{34179EF2-5F12-44D6-BF30-B85FDCE4244C}.Release|Any CPU.Build.0 = Release|Any CPU
		{CD517278-6853-A268-9E8A-400D1F4CDE6C}.Debug|Any CPU.ActiveCfg = Debug|Any CPU
		{CD517278-6853-A268-9E8A-400D1F4CDE6C}.Debug|Any CPU.Build.0 = Debug|Any CPU
		{CD517278-6853-A268-9E8A-400D1F4CDE6C}.Release|Any CPU.ActiveCfg = Release|Any CPU
		{CD517278-6853-A268-9E8A-400D1F4CDE6C}.Release|Any CPU.Build.0 = Release|Any CPU
		{DE2DAF76-F0BB-17C1-75D2-EAFFE1101E04}.Debug|Any CPU.ActiveCfg = Debug|Any CPU
		{DE2DAF76-F0BB-17C1-75D2-EAFFE1101E04}.Debug|Any CPU.Build.0 = Debug|Any CPU
		{DE2DAF76-F0BB-17C1-75D2-EAFFE1101E04}.Release|Any CPU.ActiveCfg = Debug|Any CPU
		{DE2DAF76-F0BB-17C1-75D2-EAFFE1101E04}.Release|Any CPU.Build.0 = Debug|Any CPU
		{CF066EC5-D075-4013-AE51-8DB5568132BF}.Debug|Any CPU.ActiveCfg = Debug|Any CPU
		{CF066EC5-D075-4013-AE51-8DB5568132BF}.Debug|Any CPU.Build.0 = Debug|Any CPU
		{CF066EC5-D075-4013-AE51-8DB5568132BF}.Release|Any CPU.ActiveCfg = Release|Any CPU
		{CF066EC5-D075-4013-AE51-8DB5568132BF}.Release|Any CPU.Build.0 = Release|Any CPU
		{57DEDCA5-E539-DE61-49B2-F416CDEA5DB2}.Debug|Any CPU.ActiveCfg = Debug|Any CPU
		{57DEDCA5-E539-DE61-49B2-F416CDEA5DB2}.Debug|Any CPU.Build.0 = Debug|Any CPU
		{57DEDCA5-E539-DE61-49B2-F416CDEA5DB2}.Release|Any CPU.ActiveCfg = Release|Any CPU
		{57DEDCA5-E539-DE61-49B2-F416CDEA5DB2}.Release|Any CPU.Build.0 = Release|Any CPU
	EndGlobalSection
	GlobalSection(SolutionProperties) = preSolution
		HideSolutionNode = FALSE
	EndGlobalSection
	GlobalSection(NestedProjects) = preSolution
		{FFADEA27-B886-40CE-B4FD-5D3183ADDDFD} = {CD42C8B1-D1F7-4DD4-9E2B-5E2B3D47F1DA}
		{6D89B7DD-C728-4009-B95C-D2FAC0806AF3} = {CD42C8B1-D1F7-4DD4-9E2B-5E2B3D47F1DA}
		{84907B1C-BC8D-4BC5-9D5A-F24B894C3A76} = {0363E199-36E5-4351-9A8E-57446F991DD8}
		{CD42C8B1-D1F7-4DD4-9E2B-5E2B3D47F1DA} = {02EA681E-C7D8-13C7-8484-4AC65E1B71E8}
		{0363E199-36E5-4351-9A8E-57446F991DD8} = {02EA681E-C7D8-13C7-8484-4AC65E1B71E8}
		{37BAA5F7-4ECC-1520-28DE-A937D4C6F343} = {0363E199-36E5-4351-9A8E-57446F991DD8}
		{567A1F13-9F3C-23B0-28DB-39E0D2353431} = {0363E199-36E5-4351-9A8E-57446F991DD8}
		{3A3E5EDD-DA25-4B5E-A8CF-0DBBB3FB4FAA} = {3AC0C92A-F656-4C14-BA2D-4F4560097AC0}
		{23715755-4FD7-1B84-BCEB-FEF4BDF994BE} = {9A6472DD-641B-476C-99C0-1281955E119D}
		{A5D54C80-B343-0AEB-C8E8-6B8F3917EEEB} = {9A6472DD-641B-476C-99C0-1281955E119D}
		{CA6FEAE9-E761-4549-BAC7-3D89592ED74D} = {3AC0C92A-F656-4C14-BA2D-4F4560097AC0}
		{EFD6BCA2-6CA1-4303-BE7F-357195F7E735} = {3AC0C92A-F656-4C14-BA2D-4F4560097AC0}
		{7357AAF9-C784-427E-B895-C2E37B59858F} = {EFD6BCA2-6CA1-4303-BE7F-357195F7E735}
		{042041D5-D048-490E-B2CB-76E9E8DC8166} = {B8685830-424C-DC28-90E6-E26DA1901509}
		{AF3D3A70-776D-4C00-88A5-18F030F2C179} = {3AC0C92A-F656-4C14-BA2D-4F4560097AC0}
		{AEE7E9C6-3DE1-45D5-8F85-68609F1A866E} = {CB4D0241-DDE3-A211-69EF-02A692A1327C}
		{7D074B2F-5ABE-4A66-8E18-125726B95798} = {C77C0044-9CAF-DB5C-D498-119248A9E1AD}
		{1139E486-A36B-6B58-4965-3753D45010A4} = {C77C0044-9CAF-DB5C-D498-119248A9E1AD}
		{B808FDA6-38D5-2393-410D-6E6CBA606F3C} = {9A6472DD-641B-476C-99C0-1281955E119D}
		{4D908922-8EA4-4600-9E95-E5A450648CDB} = {B808FDA6-38D5-2393-410D-6E6CBA606F3C}
		{F246E8B9-2806-4DA3-A629-2C32B9E03C9B} = {19A55A1F-77FC-81B6-FF24-F3698FC9C129}
		{67191AC3-93DD-CCAD-9697-ABD4E4900709} = {B8685830-424C-DC28-90E6-E26DA1901509}
		{2C551961-4592-4217-A74B-0BF21B9E4775} = {3A7EF8F9-A58A-6994-3FF9-E29A10D92AEB}
		{81EA426D-9709-468E-A6B0-436AAAEFB3D9} = {2279F0D8-016D-8D57-9D18-CF0A720BDC5C}
		{8C2570A6-2D83-0A4C-C4D4-65155A3882C4} = {53D0748C-043C-A660-2311-AE5C91B568A3}
		{544C3031-E4A3-5BDE-6351-E4705047AC8E} = {8C2570A6-2D83-0A4C-C4D4-65155A3882C4}
		{EF799D17-23A7-33D1-81DD-1ED27269076E} = {8C2570A6-2D83-0A4C-C4D4-65155A3882C4}
		{3B441642-0094-41B0-85A9-0B3E8DD5E197} = {2075631B-31DD-92B6-B0A7-6AFE1F99C0B4}
		{FBE48AD3-73D9-4A80-A23F-C1C916ADBF61} = {F4A27CA2-A98B-9BA4-06DE-958D2E3B2285}
		{3B9E5B69-B3BE-4E3F-9AEE-7B0544BEE4E0} = {F4A27CA2-A98B-9BA4-06DE-958D2E3B2285}
		{34F257BE-4B70-4B96-9D30-DA5AC79921B9} = {53D0748C-043C-A660-2311-AE5C91B568A3}
		{39046FA3-4618-491A-B1A3-DAB925A6035D} = {C77C0044-9CAF-DB5C-D498-119248A9E1AD}
		{33CB9B2C-FCED-8CAB-923B-B5568EBC4215} = {53D0748C-043C-A660-2311-AE5C91B568A3}
		{96EE2CF0-D591-079F-2E48-4A69006AD50E} = {53D0748C-043C-A660-2311-AE5C91B568A3}
		{9606D408-5A74-4E83-849F-7742B0DC63FA} = {96EE2CF0-D591-079F-2E48-4A69006AD50E}
		{B0005D41-BEF1-47FA-B08D-92417AFE60E4} = {96EE2CF0-D591-079F-2E48-4A69006AD50E}
		{61797B0C-8C0C-49AD-B0C6-22E5303D9983} = {53D0748C-043C-A660-2311-AE5C91B568A3}
		{6333159C-376C-40DD-806F-B163DCC2D0AD} = {A8B1D009-E5A9-8820-B8AF-AA0649BEFD28}
		{B908F7F1-20FF-DEB8-27C3-0E9EE2966907} = {A8B1D009-E5A9-8820-B8AF-AA0649BEFD28}
		{930EADA6-450D-7FD5-733A-E1AEE990267C} = {C77C0044-9CAF-DB5C-D498-119248A9E1AD}
		{B9C15397-4838-A313-FF22-BB739AB4D70F} = {930EADA6-450D-7FD5-733A-E1AEE990267C}
		{E75B8DAC-C379-4192-B3A0-1AF99D8458FD} = {579976BD-A4D7-2559-36E6-21E1614D792F}
		{579976BD-A4D7-2559-36E6-21E1614D792F} = {53D0748C-043C-A660-2311-AE5C91B568A3}
		{6730DD97-BE8C-42F7-0BE4-A135C688E120} = {579976BD-A4D7-2559-36E6-21E1614D792F}
		{8AECCAAF-CE56-43A7-B2FC-1D2EB1348BB0} = {F23151BD-DA02-8321-455D-78E33FEB7350}
		{E261CE3E-728D-413F-B7EB-17A92E91FEA8} = {CD0E1165-DDD0-05C7-2747-147969218046}
		{4E01F766-13D5-4387-B084-FFD8C5F0F009} = {2B8C56C5-DCE6-4FEE-BFCF-1C16E42D256A}
		{F425D9E6-4925-46EA-8523-B319824417BF} = {3AC0C92A-F656-4C14-BA2D-4F4560097AC0}
		{EC8DD323-CDD8-4D0D-BEEE-3CFE3103491D} = {3AC0C92A-F656-4C14-BA2D-4F4560097AC0}
		{7250BCFD-E0DF-4F14-B926-F5B1B44B01C0} = {2B8C56C5-DCE6-4FEE-BFCF-1C16E42D256A}
		{4C937579-ED70-A340-D87C-1F397DDC1F3E} = {53D0748C-043C-A660-2311-AE5C91B568A3}
		{69D54A9E-1E87-43BD-AF74-2F9FBDD03520} = {4C937579-ED70-A340-D87C-1F397DDC1F3E}
		{D04CF0F2-974C-5D72-9175-74118F68291D} = {3AC0C92A-F656-4C14-BA2D-4F4560097AC0}
		{34179EF2-5F12-44D6-BF30-B85FDCE4244C} = {D04CF0F2-974C-5D72-9175-74118F68291D}
		{CD517278-6853-A268-9E8A-400D1F4CDE6C} = {53D0748C-043C-A660-2311-AE5C91B568A3}
		{DE2DAF76-F0BB-17C1-75D2-EAFFE1101E04} = {3AC0C92A-F656-4C14-BA2D-4F4560097AC0}
		{CF066EC5-D075-4013-AE51-8DB5568132BF} = {A8B1D009-E5A9-8820-B8AF-AA0649BEFD28}
		{57DEDCA5-E539-DE61-49B2-F416CDEA5DB2} = {AF50D07C-CBCD-524F-DB50-1B7C7AC32620}
	EndGlobalSection
	GlobalSection(ExtensibilityGlobals) = postSolution
		SolutionGuid = {C007A4B1-8688-434B-8558-0420E7C51784}
	EndGlobalSection
EndGlobal
